
Microsoft Visual Studio Solution File, Format Version 12.00
# Visual Studio Version 16
VisualStudioVersion = 16.0.31613.86
MinimumVisualStudioVersion = 10.0.40219.1
Project("{2150E333-8FDC-42A3-9474-1A3956D46DE8}") = "Solution Items", "Solution Items", "{693CD188-9492-4165-9D62-4E86CC3964FA}"
	ProjectSection(SolutionItems) = preProject
		.editorconfig = .editorconfig
		README.md = README.md
	EndProjectSection
EndProject
Project("{9A19103F-16F7-4668-BE54-9A1E7A4F7556}") = "RazorInception.WebUI", "src\RazorInception.WebUI\RazorInception.WebUI.csproj", "{F9BCAA74-BDC4-410B-B242-571A363DB708}"
EndProject
Project("{9A19103F-16F7-4668-BE54-9A1E7A4F7556}") = "RazorInception.Domain", "src\RazorInception.Domain\RazorInception.Domain.csproj", "{01FE1B5E-F5D2-4788-A67C-2CD4D625B7A0}"
EndProject
Project("{9A19103F-16F7-4668-BE54-9A1E7A4F7556}") = "RazorInception.Application", "src\RazorInception.Application\RazorInception.Application.csproj", "{39ED078D-1F8B-448D-8258-50864A4764AE}"
EndProject
Project("{9A19103F-16F7-4668-BE54-9A1E7A4F7556}") = "RazorInception.Infrastructure", "src\RazorInception.Infrastructure\RazorInception.Infrastructure.csproj", "{98A5C447-E994-4726-96EC-E80294BB0DDB}"
EndProject
Project("{9A19103F-16F7-4668-BE54-9A1E7A4F7556}") = "RazorInception.WebApi", "src\RazorInception.WebApi\RazorInception.WebApi.csproj", "{F2A815EF-3FA0-49D0-BAA5-E52E1E42E071}"
EndProject
Project("{2150E333-8FDC-42A3-9474-1A3956D46DE8}") = "Modules", "Modules", "{F9A36000-7586-4A43-95B2-7DCCEA801A96}"
EndProject
Project("{9A19103F-16F7-4668-BE54-9A1E7A4F7556}") = "RazorInception.External", "src\RazorInception.External\RazorInception.External.csproj", "{95B41CBC-659F-4B24-9EDE-7CDC539BFF72}"
EndProject
Project("{9A19103F-16F7-4668-BE54-9A1E7A4F7556}") = "RazorInception.ExternalRazor", "src\RazorInception.ExternalRazor\RazorInception.ExternalRazor.csproj", "{63B10ACC-3B88-48AE-8560-981CBD079A1D}"
EndProject
Project("{FAE04EC0-301F-11D3-BF4B-00C04F79EFBC}") = "RazorInceptionLib", "RazorInceptionLib\RazorInceptionLib.csproj", "{FF6E7A9B-EA95-4025-B78B-0208577FBBDA}"
EndProject
Global
	GlobalSection(SolutionConfigurationPlatforms) = preSolution
		Debug|Any CPU = Debug|Any CPU
		Release|Any CPU = Release|Any CPU
	EndGlobalSection
	GlobalSection(ProjectConfigurationPlatforms) = postSolution
		{F9BCAA74-BDC4-410B-B242-571A363DB708}.Debug|Any CPU.ActiveCfg = Debug|Any CPU
		{F9BCAA74-BDC4-410B-B242-571A363DB708}.Debug|Any CPU.Build.0 = Debug|Any CPU
		{F9BCAA74-BDC4-410B-B242-571A363DB708}.Release|Any CPU.ActiveCfg = Release|Any CPU
		{F9BCAA74-BDC4-410B-B242-571A363DB708}.Release|Any CPU.Build.0 = Release|Any CPU
		{01FE1B5E-F5D2-4788-A67C-2CD4D625B7A0}.Debug|Any CPU.ActiveCfg = Debug|Any CPU
		{01FE1B5E-F5D2-4788-A67C-2CD4D625B7A0}.Debug|Any CPU.Build.0 = Debug|Any CPU
		{01FE1B5E-F5D2-4788-A67C-2CD4D625B7A0}.Release|Any CPU.ActiveCfg = Release|Any CPU
		{01FE1B5E-F5D2-4788-A67C-2CD4D625B7A0}.Release|Any CPU.Build.0 = Release|Any CPU
		{39ED078D-1F8B-448D-8258-50864A4764AE}.Debug|Any CPU.ActiveCfg = Debug|Any CPU
		{39ED078D-1F8B-448D-8258-50864A4764AE}.Debug|Any CPU.Build.0 = Debug|Any CPU
		{39ED078D-1F8B-448D-8258-50864A4764AE}.Release|Any CPU.ActiveCfg = Release|Any CPU
		{39ED078D-1F8B-448D-8258-50864A4764AE}.Release|Any CPU.Build.0 = Release|Any CPU
		{98A5C447-E994-4726-96EC-E80294BB0DDB}.Debug|Any CPU.ActiveCfg = Debug|Any CPU
		{98A5C447-E994-4726-96EC-E80294BB0DDB}.Debug|Any CPU.Build.0 = Debug|Any CPU
		{98A5C447-E994-4726-96EC-E80294BB0DDB}.Release|Any CPU.ActiveCfg = Release|Any CPU
		{98A5C447-E994-4726-96EC-E80294BB0DDB}.Release|Any CPU.Build.0 = Release|Any CPU
		{F2A815EF-3FA0-49D0-BAA5-E52E1E42E071}.Debug|Any CPU.ActiveCfg = Debug|Any CPU
		{F2A815EF-3FA0-49D0-BAA5-E52E1E42E071}.Debug|Any CPU.Build.0 = Debug|Any CPU
		{F2A815EF-3FA0-49D0-BAA5-E52E1E42E071}.Release|Any CPU.ActiveCfg = Release|Any CPU
		{F2A815EF-3FA0-49D0-BAA5-E52E1E42E071}.Release|Any CPU.Build.0 = Release|Any CPU
		{95B41CBC-659F-4B24-9EDE-7CDC539BFF72}.Debug|Any CPU.ActiveCfg = Debug|Any CPU
		{95B41CBC-659F-4B24-9EDE-7CDC539BFF72}.Debug|Any CPU.Build.0 = Debug|Any CPU
		{95B41CBC-659F-4B24-9EDE-7CDC539BFF72}.Release|Any CPU.ActiveCfg = Release|Any CPU
		{95B41CBC-659F-4B24-9EDE-7CDC539BFF72}.Release|Any CPU.Build.0 = Release|Any CPU
		{63B10ACC-3B88-48AE-8560-981CBD079A1D}.Debug|Any CPU.ActiveCfg = Debug|Any CPU
		{63B10ACC-3B88-48AE-8560-981CBD079A1D}.Debug|Any CPU.Build.0 = Debug|Any CPU
		{63B10ACC-3B88-48AE-8560-981CBD079A1D}.Release|Any CPU.ActiveCfg = Release|Any CPU
		{63B10ACC-3B88-48AE-8560-981CBD079A1D}.Release|Any CPU.Build.0 = Release|Any CPU
		{FF6E7A9B-EA95-4025-B78B-0208577FBBDA}.Debug|Any CPU.ActiveCfg = Debug|Any CPU
		{FF6E7A9B-EA95-4025-B78B-0208577FBBDA}.Debug|Any CPU.Build.0 = Debug|Any CPU
		{FF6E7A9B-EA95-4025-B78B-0208577FBBDA}.Release|Any CPU.ActiveCfg = Release|Any CPU
		{FF6E7A9B-EA95-4025-B78B-0208577FBBDA}.Release|Any CPU.Build.0 = Release|Any CPU
	EndGlobalSection
	GlobalSection(SolutionProperties) = preSolution
		HideSolutionNode = FALSE
	EndGlobalSection
	GlobalSection(NestedProjects) = preSolution
		{95B41CBC-659F-4B24-9EDE-7CDC539BFF72} = {F9A36000-7586-4A43-95B2-7DCCEA801A96}
		{63B10ACC-3B88-48AE-8560-981CBD079A1D} = {F9A36000-7586-4A43-95B2-7DCCEA801A96}
		{FF6E7A9B-EA95-4025-B78B-0208577FBBDA} = {F9A36000-7586-4A43-95B2-7DCCEA801A96}
	EndGlobalSection
	GlobalSection(ExtensibilityGlobals) = postSolution
		SolutionGuid = {3CE58401-E833-4217-8B7D-7F23A2B0554F}
	EndGlobalSection
EndGlobal
